
Microsoft Visual Studio Solution File, Format Version 12.00
# Visual Studio 14
VisualStudioVersion = 14.0.25420.1
MinimumVisualStudioVersion = 10.0.40219.1
Project("{FAE04EC0-301F-11D3-BF4B-00C04F79EFBC}") = "ThingTalk.OpenApi", "ThingTalk.OpenApi\ThingTalk.OpenApi.csproj", "{D72DDB69-DC8C-401C-A257-247747B43B42}"
EndProject
Project("{FAE04EC0-301F-11D3-BF4B-00C04F79EFBC}") = "ThingTalk.OpenApi.Tests", "ThingTalk.OpenApi.Tests\ThingTalk.OpenApi.Tests.csproj", "{565B6D51-8905-4D00-A9F5-330491339E5C}"
EndProject
Project("{8BB2217D-0F2D-49D1-97BC-3654ED321F3B}") = "ThingTalkCore.OpenApi", "ThingTalkCore.OpenApi\ThingTalkCore.OpenApi.xproj", "{EC76054A-388D-4EA0-9394-E6B17C1D2A86}"
EndProject
Global
	GlobalSection(SolutionConfigurationPlatforms) = preSolution
		Debug|Any CPU = Debug|Any CPU
		Release|Any CPU = Release|Any CPU
	EndGlobalSection
	GlobalSection(ProjectConfigurationPlatforms) = postSolution
		{D72DDB69-DC8C-401C-A257-247747B43B42}.Debug|Any CPU.ActiveCfg = Debug|Any CPU
		{D72DDB69-DC8C-401C-A257-247747B43B42}.Debug|Any CPU.Build.0 = Debug|Any CPU
		{D72DDB69-DC8C-401C-A257-247747B43B42}.Release|Any CPU.ActiveCfg = Release|Any CPU
		{D72DDB69-DC8C-401C-A257-247747B43B42}.Release|Any CPU.Build.0 = Release|Any CPU
		{565B6D51-8905-4D00-A9F5-330491339E5C}.Debug|Any CPU.ActiveCfg = Debug|Any CPU
		{565B6D51-8905-4D00-A9F5-330491339E5C}.Debug|Any CPU.Build.0 = Debug|Any CPU
		{565B6D51-8905-4D00-A9F5-330491339E5C}.Release|Any CPU.ActiveCfg = Release|Any CPU
		{565B6D51-8905-4D00-A9F5-330491339E5C}.Release|Any CPU.Build.0 = Release|Any CPU
		{EC76054A-388D-4EA0-9394-E6B17C1D2A86}.Debug|Any CPU.ActiveCfg = Debug|Any CPU
		{EC76054A-388D-4EA0-9394-E6B17C1D2A86}.Debug|Any CPU.Build.0 = Debug|Any CPU
		{EC76054A-388D-4EA0-9394-E6B17C1D2A86}.Release|Any CPU.ActiveCfg = Release|Any CPU
		{EC76054A-388D-4EA0-9394-E6B17C1D2A86}.Release|Any CPU.Build.0 = Release|Any CPU
	EndGlobalSection
	GlobalSection(SolutionProperties) = preSolution
		HideSolutionNode = FALSE
	EndGlobalSection
EndGlobal
